// !$*UTF8*$!
{
	archiveVersion = 1;
	classes = {
	};
	objectVersion = 50;
	objects = {

/* Begin PBXBuildFile section */
		CB385D0C248839A900DB1E9C /* SegmentedPickerModifier.swift in Sources */ = {isa = PBXBuildFile; fileRef = CB385D0B248839A900DB1E9C /* SegmentedPickerModifier.swift */; };
		CB385D14249C093900DB1E9C /* HypovolemicHyponatremiaView.swift in Sources */ = {isa = PBXBuildFile; fileRef = CB385D13249C093900DB1E9C /* HypovolemicHyponatremiaView.swift */; };
		CB385D16249C1B9700DB1E9C /* TabBarExampleView.swift in Sources */ = {isa = PBXBuildFile; fileRef = CB385D15249C1B9700DB1E9C /* TabBarExampleView.swift */; };
		CB53C8DC24812F4400ED1821 /* AppDelegate.swift in Sources */ = {isa = PBXBuildFile; fileRef = CB53C8DB24812F4400ED1821 /* AppDelegate.swift */; };
		CB53C8DE24812F4400ED1821 /* SceneDelegate.swift in Sources */ = {isa = PBXBuildFile; fileRef = CB53C8DD24812F4400ED1821 /* SceneDelegate.swift */; };
		CB53C8E024812F4400ED1821 /* MainMenuView.swift in Sources */ = {isa = PBXBuildFile; fileRef = CB53C8DF24812F4400ED1821 /* MainMenuView.swift */; };
		CB53C8E224812F4500ED1821 /* Assets.xcassets in Resources */ = {isa = PBXBuildFile; fileRef = CB53C8E124812F4500ED1821 /* Assets.xcassets */; };
		CB53C8E524812F4500ED1821 /* Preview Assets.xcassets in Resources */ = {isa = PBXBuildFile; fileRef = CB53C8E424812F4500ED1821 /* Preview Assets.xcassets */; };
		CB53C8E824812F4500ED1821 /* LaunchScreen.storyboard in Resources */ = {isa = PBXBuildFile; fileRef = CB53C8E624812F4500ED1821 /* LaunchScreen.storyboard */; };
		CB53C8F02481317200ED1821 /* HyponatremiaCausesView.swift in Sources */ = {isa = PBXBuildFile; fileRef = CB53C8EF2481317200ED1821 /* HyponatremiaCausesView.swift */; };
		CB53C8F22483671200ED1821 /* MyTitleModifier.swift in Sources */ = {isa = PBXBuildFile; fileRef = CB53C8F12483671200ED1821 /* MyTitleModifier.swift */; };
		CB5F45AC24CAE0F400D13E11 /* References.swift in Sources */ = {isa = PBXBuildFile; fileRef = CB5F45AB24CAE0F400D13E11 /* References.swift */; };
		CB67E0A024BA3AC60058EF1A /* HypovolemicHyponatremiaView2.swift in Sources */ = {isa = PBXBuildFile; fileRef = CB67E09F24BA3AC60058EF1A /* HypovolemicHyponatremiaView2.swift */; };
		CB67E0A624BD68590058EF1A /* LowUrineOsmView.swift in Sources */ = {isa = PBXBuildFile; fileRef = CB67E0A524BD68590058EF1A /* LowUrineOsmView.swift */; };
		CB67E0A824BD6F750058EF1A /* EuvolemicHypoNaView.swift in Sources */ = {isa = PBXBuildFile; fileRef = CB67E0A724BD6F750058EF1A /* EuvolemicHypoNaView.swift */; };
		CB67E0AA24BD70E70058EF1A /* HypervolemicHypoNaView.swift in Sources */ = {isa = PBXBuildFile; fileRef = CB67E0A924BD70E70058EF1A /* HypervolemicHypoNaView.swift */; };
		CB7356BB24CE40460087A166 /* GradientButtonStyle.swift in Sources */ = {isa = PBXBuildFile; fileRef = CB7356BA24CE40460087A166 /* GradientButtonStyle.swift */; };
		CB7356BF24D15EED0087A166 /* SheetTitle.swift in Sources */ = {isa = PBXBuildFile; fileRef = CB7356BE24D15EED0087A166 /* SheetTitle.swift */; };
		CB7356C224D16A010087A166 /* LowUrineOsmTx.swift in Sources */ = {isa = PBXBuildFile; fileRef = CB7356C124D16A010087A166 /* LowUrineOsmTx.swift */; };
		CB7356C424D234370087A166 /* ShowSheetButton.swift in Sources */ = {isa = PBXBuildFile; fileRef = CB7356C324D234370087A166 /* ShowSheetButton.swift */; };
		CB7356C624D238C50087A166 /* HypovolemicTx.swift in Sources */ = {isa = PBXBuildFile; fileRef = CB7356C524D238C50087A166 /* HypovolemicTx.swift */; };
		CB7356CA24DB53740087A166 /* DismissButton.swift in Sources */ = {isa = PBXBuildFile; fileRef = CB7356C924DB53740087A166 /* DismissButton.swift */; };
		CB7356CE24DBB7980087A166 /* CAPMain.swift in Sources */ = {isa = PBXBuildFile; fileRef = CB7356CD24DBB7980087A166 /* CAPMain.swift */; };
		CB7356D024DBBDB10087A166 /* ShowPicker.swift in Sources */ = {isa = PBXBuildFile; fileRef = CB7356CF24DBBDB10087A166 /* ShowPicker.swift */; };
		CB7356D224DBD2600087A166 /* InpatientCAP.swift in Sources */ = {isa = PBXBuildFile; fileRef = CB7356D124DBD2600087A166 /* InpatientCAP.swift */; };
		CB7356D424DBD2C70087A166 /* OutpatientCAP.swift in Sources */ = {isa = PBXBuildFile; fileRef = CB7356D324DBD2C70087A166 /* OutpatientCAP.swift */; };
		CB7356D624DD04D00087A166 /* ShowToggle.swift in Sources */ = {isa = PBXBuildFile; fileRef = CB7356D524DD04D00087A166 /* ShowToggle.swift */; };
		CB7356D924DDF90A0087A166 /* CAPManagement.swift in Sources */ = {isa = PBXBuildFile; fileRef = CB7356D824DDF90A0087A166 /* CAPManagement.swift */; };
		CB7356DB24DDFC270087A166 /* Isolates.swift in Sources */ = {isa = PBXBuildFile; fileRef = CB7356DA24DDFC270087A166 /* Isolates.swift */; };
		CB7356DD24DE143A0087A166 /* CAPToggle.swift in Sources */ = {isa = PBXBuildFile; fileRef = CB7356DC24DE143A0087A166 /* CAPToggle.swift */; };
		CBA4F71F24C99019004861B4 /* IsotonicHyponatremia.swift in Sources */ = {isa = PBXBuildFile; fileRef = CBA4F71E24C99019004861B4 /* IsotonicHyponatremia.swift */; };
		CBA4F72124C99302004861B4 /* HypertonicHyponatremia.swift in Sources */ = {isa = PBXBuildFile; fileRef = CBA4F72024C99302004861B4 /* HypertonicHyponatremia.swift */; };
/* End PBXBuildFile section */

/* Begin PBXFileReference section */
		CB385D0B248839A900DB1E9C /* SegmentedPickerModifier.swift */ = {isa = PBXFileReference; lastKnownFileType = sourcecode.swift; path = SegmentedPickerModifier.swift; sourceTree = "<group>"; };
		CB385D13249C093900DB1E9C /* HypovolemicHyponatremiaView.swift */ = {isa = PBXFileReference; lastKnownFileType = sourcecode.swift; path = HypovolemicHyponatremiaView.swift; sourceTree = "<group>"; };
		CB385D15249C1B9700DB1E9C /* TabBarExampleView.swift */ = {isa = PBXFileReference; lastKnownFileType = sourcecode.swift; path = TabBarExampleView.swift; sourceTree = "<group>"; };
		CB53C8D824812F4400ED1821 /* medlearn.app */ = {isa = PBXFileReference; explicitFileType = wrapper.application; includeInIndex = 0; path = medlearn.app; sourceTree = BUILT_PRODUCTS_DIR; };
		CB53C8DB24812F4400ED1821 /* AppDelegate.swift */ = {isa = PBXFileReference; lastKnownFileType = sourcecode.swift; path = AppDelegate.swift; sourceTree = "<group>"; };
		CB53C8DD24812F4400ED1821 /* SceneDelegate.swift */ = {isa = PBXFileReference; lastKnownFileType = sourcecode.swift; path = SceneDelegate.swift; sourceTree = "<group>"; };
		CB53C8DF24812F4400ED1821 /* MainMenuView.swift */ = {isa = PBXFileReference; lastKnownFileType = sourcecode.swift; path = MainMenuView.swift; sourceTree = "<group>"; };
		CB53C8E124812F4500ED1821 /* Assets.xcassets */ = {isa = PBXFileReference; lastKnownFileType = folder.assetcatalog; path = Assets.xcassets; sourceTree = "<group>"; };
		CB53C8E424812F4500ED1821 /* Preview Assets.xcassets */ = {isa = PBXFileReference; lastKnownFileType = folder.assetcatalog; path = "Preview Assets.xcassets"; sourceTree = "<group>"; };
		CB53C8E724812F4500ED1821 /* Base */ = {isa = PBXFileReference; lastKnownFileType = file.storyboard; name = Base; path = Base.lproj/LaunchScreen.storyboard; sourceTree = "<group>"; };
		CB53C8E924812F4500ED1821 /* Info.plist */ = {isa = PBXFileReference; lastKnownFileType = text.plist.xml; path = Info.plist; sourceTree = "<group>"; };
		CB53C8EF2481317200ED1821 /* HyponatremiaCausesView.swift */ = {isa = PBXFileReference; lastKnownFileType = sourcecode.swift; path = HyponatremiaCausesView.swift; sourceTree = "<group>"; };
		CB53C8F12483671200ED1821 /* MyTitleModifier.swift */ = {isa = PBXFileReference; lastKnownFileType = sourcecode.swift; path = MyTitleModifier.swift; sourceTree = "<group>"; };
		CB5F45AB24CAE0F400D13E11 /* References.swift */ = {isa = PBXFileReference; lastKnownFileType = sourcecode.swift; path = References.swift; sourceTree = "<group>"; };
		CB67E09F24BA3AC60058EF1A /* HypovolemicHyponatremiaView2.swift */ = {isa = PBXFileReference; lastKnownFileType = sourcecode.swift; path = HypovolemicHyponatremiaView2.swift; sourceTree = "<group>"; };
		CB67E0A524BD68590058EF1A /* LowUrineOsmView.swift */ = {isa = PBXFileReference; lastKnownFileType = sourcecode.swift; path = LowUrineOsmView.swift; sourceTree = "<group>"; };
		CB67E0A724BD6F750058EF1A /* EuvolemicHypoNaView.swift */ = {isa = PBXFileReference; lastKnownFileType = sourcecode.swift; path = EuvolemicHypoNaView.swift; sourceTree = "<group>"; };
		CB67E0A924BD70E70058EF1A /* HypervolemicHypoNaView.swift */ = {isa = PBXFileReference; lastKnownFileType = sourcecode.swift; path = HypervolemicHypoNaView.swift; sourceTree = "<group>"; };
		CB7356BA24CE40460087A166 /* GradientButtonStyle.swift */ = {isa = PBXFileReference; lastKnownFileType = sourcecode.swift; path = GradientButtonStyle.swift; sourceTree = "<group>"; };
		CB7356BE24D15EED0087A166 /* SheetTitle.swift */ = {isa = PBXFileReference; lastKnownFileType = sourcecode.swift; path = SheetTitle.swift; sourceTree = "<group>"; };
		CB7356C124D16A010087A166 /* LowUrineOsmTx.swift */ = {isa = PBXFileReference; lastKnownFileType = sourcecode.swift; path = LowUrineOsmTx.swift; sourceTree = "<group>"; };
		CB7356C324D234370087A166 /* ShowSheetButton.swift */ = {isa = PBXFileReference; lastKnownFileType = sourcecode.swift; path = ShowSheetButton.swift; sourceTree = "<group>"; };
		CB7356C524D238C50087A166 /* HypovolemicTx.swift */ = {isa = PBXFileReference; lastKnownFileType = sourcecode.swift; path = HypovolemicTx.swift; sourceTree = "<group>"; };
		CB7356C924DB53740087A166 /* DismissButton.swift */ = {isa = PBXFileReference; lastKnownFileType = sourcecode.swift; path = DismissButton.swift; sourceTree = "<group>"; };
		CB7356CD24DBB7980087A166 /* CAPMain.swift */ = {isa = PBXFileReference; lastKnownFileType = sourcecode.swift; path = CAPMain.swift; sourceTree = "<group>"; };
		CB7356CF24DBBDB10087A166 /* ShowPicker.swift */ = {isa = PBXFileReference; lastKnownFileType = sourcecode.swift; path = ShowPicker.swift; sourceTree = "<group>"; };
		CB7356D124DBD2600087A166 /* InpatientCAP.swift */ = {isa = PBXFileReference; lastKnownFileType = sourcecode.swift; path = InpatientCAP.swift; sourceTree = "<group>"; };
		CB7356D324DBD2C70087A166 /* OutpatientCAP.swift */ = {isa = PBXFileReference; lastKnownFileType = sourcecode.swift; path = OutpatientCAP.swift; sourceTree = "<group>"; };
		CB7356D524DD04D00087A166 /* ShowToggle.swift */ = {isa = PBXFileReference; lastKnownFileType = sourcecode.swift; path = ShowToggle.swift; sourceTree = "<group>"; };
		CB7356D824DDF90A0087A166 /* CAPManagement.swift */ = {isa = PBXFileReference; lastKnownFileType = sourcecode.swift; path = CAPManagement.swift; sourceTree = "<group>"; };
		CB7356DA24DDFC270087A166 /* Isolates.swift */ = {isa = PBXFileReference; lastKnownFileType = sourcecode.swift; path = Isolates.swift; sourceTree = "<group>"; };
		CB7356DC24DE143A0087A166 /* CAPToggle.swift */ = {isa = PBXFileReference; lastKnownFileType = sourcecode.swift; path = CAPToggle.swift; sourceTree = "<group>"; };
		CBA4F71E24C99019004861B4 /* IsotonicHyponatremia.swift */ = {isa = PBXFileReference; lastKnownFileType = sourcecode.swift; path = IsotonicHyponatremia.swift; sourceTree = "<group>"; };
		CBA4F72024C99302004861B4 /* HypertonicHyponatremia.swift */ = {isa = PBXFileReference; lastKnownFileType = sourcecode.swift; path = HypertonicHyponatremia.swift; sourceTree = "<group>"; };
/* End PBXFileReference section */

/* Begin PBXFrameworksBuildPhase section */
		CB53C8D524812F4400ED1821 /* Frameworks */ = {
			isa = PBXFrameworksBuildPhase;
			buildActionMask = 2147483647;
			files = (
			);
			runOnlyForDeploymentPostprocessing = 0;
		};
/* End PBXFrameworksBuildPhase section */

/* Begin PBXGroup section */
		CB385D0D248839CD00DB1E9C /* ViewModifiers */ = {
			isa = PBXGroup;
			children = (
				CB385D0B248839A900DB1E9C /* SegmentedPickerModifier.swift */,
				CB53C8F12483671200ED1821 /* MyTitleModifier.swift */,
				CB7356BA24CE40460087A166 /* GradientButtonStyle.swift */,
				CB7356BE24D15EED0087A166 /* SheetTitle.swift */,
			);
			path = ViewModifiers;
			sourceTree = "<group>";
		};
		CB385D0E24883A4400DB1E9C /* Views */ = {
			isa = PBXGroup;
			children = (
				CB7356CB24DB53990087A166 /* General Views */,
				CB7356CC24DBB73C0087A166 /* Community Acquired Pneumonia */,
				CB67E0AB24BD74440058EF1A /* Hyponatremia */,
				CB385D0D248839CD00DB1E9C /* ViewModifiers */,
			);
			path = Views;
			sourceTree = "<group>";
		};
		CB53C8CF24812F4400ED1821 = {
			isa = PBXGroup;
			children = (
				CB53C8DA24812F4400ED1821 /* medlearn */,
				CB53C8D924812F4400ED1821 /* Products */,
			);
			sourceTree = "<group>";
		};
		CB53C8D924812F4400ED1821 /* Products */ = {
			isa = PBXGroup;
			children = (
				CB53C8D824812F4400ED1821 /* medlearn.app */,
			);
			name = Products;
			sourceTree = "<group>";
		};
		CB53C8DA24812F4400ED1821 /* medlearn */ = {
			isa = PBXGroup;
			children = (
				CB53C8DB24812F4400ED1821 /* AppDelegate.swift */,
				CB53C8DD24812F4400ED1821 /* SceneDelegate.swift */,
				CB385D0E24883A4400DB1E9C /* Views */,
				CB53C8E124812F4500ED1821 /* Assets.xcassets */,
				CB53C8E624812F4500ED1821 /* LaunchScreen.storyboard */,
				CB53C8E924812F4500ED1821 /* Info.plist */,
				CB53C8E324812F4500ED1821 /* Preview Content */,
			);
			path = medlearn;
			sourceTree = "<group>";
		};
		CB53C8E324812F4500ED1821 /* Preview Content */ = {
			isa = PBXGroup;
			children = (
				CB53C8E424812F4500ED1821 /* Preview Assets.xcassets */,
			);
			path = "Preview Content";
			sourceTree = "<group>";
		};
		CB67E0AB24BD74440058EF1A /* Hyponatremia */ = {
			isa = PBXGroup;
			children = (
				CB53C8EF2481317200ED1821 /* HyponatremiaCausesView.swift */,
				CB7356C724DB51150087A166 /* Sheets - Hyponatremia */,
			);
			path = Hyponatremia;
			sourceTree = "<group>";
		};
		CB7356C024D1699E0087A166 /* Hyponatremia treatments */ = {
			isa = PBXGroup;
			children = (
				CB7356C124D16A010087A166 /* LowUrineOsmTx.swift */,
				CB7356C524D238C50087A166 /* HypovolemicTx.swift */,
			);
			path = "Hyponatremia treatments";
			sourceTree = "<group>";
		};
		CB7356C724DB51150087A166 /* Sheets - Hyponatremia */ = {
			isa = PBXGroup;
			children = (
				CB7356C824DB51740087A166 /* Hyponatremia Causes */,
				CB7356C024D1699E0087A166 /* Hyponatremia treatments */,
			);
			path = "Sheets - Hyponatremia";
			sourceTree = "<group>";
		};
		CB7356C824DB51740087A166 /* Hyponatremia Causes */ = {
			isa = PBXGroup;
			children = (
				CB67E0A524BD68590058EF1A /* LowUrineOsmView.swift */,
				CB385D13249C093900DB1E9C /* HypovolemicHyponatremiaView.swift */,
				CB67E09F24BA3AC60058EF1A /* HypovolemicHyponatremiaView2.swift */,
				CB67E0A724BD6F750058EF1A /* EuvolemicHypoNaView.swift */,
				CB67E0A924BD70E70058EF1A /* HypervolemicHypoNaView.swift */,
				CBA4F72024C99302004861B4 /* HypertonicHyponatremia.swift */,
				CBA4F71E24C99019004861B4 /* IsotonicHyponatremia.swift */,
			);
			path = "Hyponatremia Causes";
			sourceTree = "<group>";
		};
		CB7356CB24DB53990087A166 /* General Views */ = {
			isa = PBXGroup;
			children = (
				CB385D15249C1B9700DB1E9C /* TabBarExampleView.swift */,
				CB53C8DF24812F4400ED1821 /* MainMenuView.swift */,
				CB5F45AB24CAE0F400D13E11 /* References.swift */,
				CB7356C324D234370087A166 /* ShowSheetButton.swift */,
				CB7356C924DB53740087A166 /* DismissButton.swift */,
				CB7356CF24DBBDB10087A166 /* ShowPicker.swift */,
				CB7356D524DD04D00087A166 /* ShowToggle.swift */,
			);
			path = "General Views";
			sourceTree = "<group>";
		};
		CB7356CC24DBB73C0087A166 /* Community Acquired Pneumonia */ = {
			isa = PBXGroup;
			children = (
				CB7356CD24DBB7980087A166 /* CAPMain.swift */,
				CB7356D124DBD2600087A166 /* InpatientCAP.swift */,
				CB7356DA24DDFC270087A166 /* Isolates.swift */,
				CB7356D824DDF90A0087A166 /* CAPManagement.swift */,
				CB7356D324DBD2C70087A166 /* OutpatientCAP.swift */,
				CB7356DC24DE143A0087A166 /* CAPToggle.swift */,
			);
			path = "Community Acquired Pneumonia";
			sourceTree = "<group>";
		};
/* End PBXGroup section */

/* Begin PBXNativeTarget section */
		CB53C8D724812F4400ED1821 /* medlearn */ = {
			isa = PBXNativeTarget;
			buildConfigurationList = CB53C8EC24812F4500ED1821 /* Build configuration list for PBXNativeTarget "medlearn" */;
			buildPhases = (
				CB53C8D424812F4400ED1821 /* Sources */,
				CB53C8D524812F4400ED1821 /* Frameworks */,
				CB53C8D624812F4400ED1821 /* Resources */,
			);
			buildRules = (
			);
			dependencies = (
			);
			name = medlearn;
			productName = medlearn;
			productReference = CB53C8D824812F4400ED1821 /* medlearn.app */;
			productType = "com.apple.product-type.application";
		};
/* End PBXNativeTarget section */

/* Begin PBXProject section */
		CB53C8D024812F4400ED1821 /* Project object */ = {
			isa = PBXProject;
			attributes = {
				LastSwiftUpdateCheck = 1150;
				LastUpgradeCheck = 1150;
				ORGANIZATIONNAME = "Michael Albrecht";
				TargetAttributes = {
					CB53C8D724812F4400ED1821 = {
						CreatedOnToolsVersion = 11.5;
					};
				};
			};
			buildConfigurationList = CB53C8D324812F4400ED1821 /* Build configuration list for PBXProject "medlearn" */;
			compatibilityVersion = "Xcode 9.3";
			developmentRegion = en;
			hasScannedForEncodings = 0;
			knownRegions = (
				en,
				Base,
			);
			mainGroup = CB53C8CF24812F4400ED1821;
			productRefGroup = CB53C8D924812F4400ED1821 /* Products */;
			projectDirPath = "";
			projectRoot = "";
			targets = (
				CB53C8D724812F4400ED1821 /* medlearn */,
			);
		};
/* End PBXProject section */

/* Begin PBXResourcesBuildPhase section */
		CB53C8D624812F4400ED1821 /* Resources */ = {
			isa = PBXResourcesBuildPhase;
			buildActionMask = 2147483647;
			files = (
				CB53C8E824812F4500ED1821 /* LaunchScreen.storyboard in Resources */,
				CB53C8E524812F4500ED1821 /* Preview Assets.xcassets in Resources */,
				CB53C8E224812F4500ED1821 /* Assets.xcassets in Resources */,
			);
			runOnlyForDeploymentPostprocessing = 0;
		};
/* End PBXResourcesBuildPhase section */

/* Begin PBXSourcesBuildPhase section */
		CB53C8D424812F4400ED1821 /* Sources */ = {
			isa = PBXSourcesBuildPhase;
			buildActionMask = 2147483647;
			files = (
				CB7356D424DBD2C70087A166 /* OutpatientCAP.swift in Sources */,
				CB7356DB24DDFC270087A166 /* Isolates.swift in Sources */,
				CB7356CA24DB53740087A166 /* DismissButton.swift in Sources */,
				CB53C8DC24812F4400ED1821 /* AppDelegate.swift in Sources */,
				CB7356C624D238C50087A166 /* HypovolemicTx.swift in Sources */,
				CB67E0A024BA3AC60058EF1A /* HypovolemicHyponatremiaView2.swift in Sources */,
				CBA4F72124C99302004861B4 /* HypertonicHyponatremia.swift in Sources */,
				CB7356D224DBD2600087A166 /* InpatientCAP.swift in Sources */,
				CB385D0C248839A900DB1E9C /* SegmentedPickerModifier.swift in Sources */,
				CB53C8F02481317200ED1821 /* HyponatremiaCausesView.swift in Sources */,
				CB385D14249C093900DB1E9C /* HypovolemicHyponatremiaView.swift in Sources */,
				CBA4F71F24C99019004861B4 /* IsotonicHyponatremia.swift in Sources */,
				CB53C8DE24812F4400ED1821 /* SceneDelegate.swift in Sources */,
				CB67E0AA24BD70E70058EF1A /* HypervolemicHypoNaView.swift in Sources */,
				CB67E0A824BD6F750058EF1A /* EuvolemicHypoNaView.swift in Sources */,
				CB385D16249C1B9700DB1E9C /* TabBarExampleView.swift in Sources */,
				CB7356D024DBBDB10087A166 /* ShowPicker.swift in Sources */,
				CB7356D924DDF90A0087A166 /* CAPManagement.swift in Sources */,
				CB7356C424D234370087A166 /* ShowSheetButton.swift in Sources */,
				CB53C8E024812F4400ED1821 /* MainMenuView.swift in Sources */,
				CB7356CE24DBB7980087A166 /* CAPMain.swift in Sources */,
				CB7356BB24CE40460087A166 /* GradientButtonStyle.swift in Sources */,
				CB5F45AC24CAE0F400D13E11 /* References.swift in Sources */,
				CB67E0A624BD68590058EF1A /* LowUrineOsmView.swift in Sources */,
				CB7356D624DD04D00087A166 /* ShowToggle.swift in Sources */,
				CB7356DD24DE143A0087A166 /* CAPToggle.swift in Sources */,
				CB53C8F22483671200ED1821 /* MyTitleModifier.swift in Sources */,
				CB7356C224D16A010087A166 /* LowUrineOsmTx.swift in Sources */,
				CB7356BF24D15EED0087A166 /* SheetTitle.swift in Sources */,
			);
			runOnlyForDeploymentPostprocessing = 0;
		};
/* End PBXSourcesBuildPhase section */

/* Begin PBXVariantGroup section */
		CB53C8E624812F4500ED1821 /* LaunchScreen.storyboard */ = {
			isa = PBXVariantGroup;
			children = (
				CB53C8E724812F4500ED1821 /* Base */,
			);
			name = LaunchScreen.storyboard;
			sourceTree = "<group>";
		};
/* End PBXVariantGroup section */

/* Begin XCBuildConfiguration section */
		CB53C8EA24812F4500ED1821 /* Debug */ = {
			isa = XCBuildConfiguration;
			buildSettings = {
				ALWAYS_SEARCH_USER_PATHS = NO;
				CLANG_ANALYZER_NONNULL = YES;
				CLANG_ANALYZER_NUMBER_OBJECT_CONVERSION = YES_AGGRESSIVE;
				CLANG_CXX_LANGUAGE_STANDARD = "gnu++14";
				CLANG_CXX_LIBRARY = "libc++";
				CLANG_ENABLE_MODULES = YES;
				CLANG_ENABLE_OBJC_ARC = YES;
				CLANG_ENABLE_OBJC_WEAK = YES;
				CLANG_WARN_BLOCK_CAPTURE_AUTORELEASING = YES;
				CLANG_WARN_BOOL_CONVERSION = YES;
				CLANG_WARN_COMMA = YES;
				CLANG_WARN_CONSTANT_CONVERSION = YES;
				CLANG_WARN_DEPRECATED_OBJC_IMPLEMENTATIONS = YES;
				CLANG_WARN_DIRECT_OBJC_ISA_USAGE = YES_ERROR;
				CLANG_WARN_DOCUMENTATION_COMMENTS = YES;
				CLANG_WARN_EMPTY_BODY = YES;
				CLANG_WARN_ENUM_CONVERSION = YES;
				CLANG_WARN_INFINITE_RECURSION = YES;
				CLANG_WARN_INT_CONVERSION = YES;
				CLANG_WARN_NON_LITERAL_NULL_CONVERSION = YES;
				CLANG_WARN_OBJC_IMPLICIT_RETAIN_SELF = YES;
				CLANG_WARN_OBJC_LITERAL_CONVERSION = YES;
				CLANG_WARN_OBJC_ROOT_CLASS = YES_ERROR;
				CLANG_WARN_RANGE_LOOP_ANALYSIS = YES;
				CLANG_WARN_STRICT_PROTOTYPES = YES;
				CLANG_WARN_SUSPICIOUS_MOVE = YES;
				CLANG_WARN_UNGUARDED_AVAILABILITY = YES_AGGRESSIVE;
				CLANG_WARN_UNREACHABLE_CODE = YES;
				CLANG_WARN__DUPLICATE_METHOD_MATCH = YES;
				COPY_PHASE_STRIP = NO;
				DEBUG_INFORMATION_FORMAT = dwarf;
				ENABLE_STRICT_OBJC_MSGSEND = YES;
				ENABLE_TESTABILITY = YES;
				GCC_C_LANGUAGE_STANDARD = gnu11;
				GCC_DYNAMIC_NO_PIC = NO;
				GCC_NO_COMMON_BLOCKS = YES;
				GCC_OPTIMIZATION_LEVEL = 0;
				GCC_PREPROCESSOR_DEFINITIONS = (
					"DEBUG=1",
					"$(inherited)",
				);
				GCC_WARN_64_TO_32_BIT_CONVERSION = YES;
				GCC_WARN_ABOUT_RETURN_TYPE = YES_ERROR;
				GCC_WARN_UNDECLARED_SELECTOR = YES;
				GCC_WARN_UNINITIALIZED_AUTOS = YES_AGGRESSIVE;
				GCC_WARN_UNUSED_FUNCTION = YES;
				GCC_WARN_UNUSED_VARIABLE = YES;
				IPHONEOS_DEPLOYMENT_TARGET = 13.5;
				MTL_ENABLE_DEBUG_INFO = INCLUDE_SOURCE;
				MTL_FAST_MATH = YES;
				ONLY_ACTIVE_ARCH = YES;
				SDKROOT = iphoneos;
				SWIFT_ACTIVE_COMPILATION_CONDITIONS = DEBUG;
				SWIFT_OPTIMIZATION_LEVEL = "-Onone";
			};
			name = Debug;
		};
		CB53C8EB24812F4500ED1821 /* Release */ = {
			isa = XCBuildConfiguration;
			buildSettings = {
				ALWAYS_SEARCH_USER_PATHS = NO;
				CLANG_ANALYZER_NONNULL = YES;
				CLANG_ANALYZER_NUMBER_OBJECT_CONVERSION = YES_AGGRESSIVE;
				CLANG_CXX_LANGUAGE_STANDARD = "gnu++14";
				CLANG_CXX_LIBRARY = "libc++";
				CLANG_ENABLE_MODULES = YES;
				CLANG_ENABLE_OBJC_ARC = YES;
				CLANG_ENABLE_OBJC_WEAK = YES;
				CLANG_WARN_BLOCK_CAPTURE_AUTORELEASING = YES;
				CLANG_WARN_BOOL_CONVERSION = YES;
				CLANG_WARN_COMMA = YES;
				CLANG_WARN_CONSTANT_CONVERSION = YES;
				CLANG_WARN_DEPRECATED_OBJC_IMPLEMENTATIONS = YES;
				CLANG_WARN_DIRECT_OBJC_ISA_USAGE = YES_ERROR;
				CLANG_WARN_DOCUMENTATION_COMMENTS = YES;
				CLANG_WARN_EMPTY_BODY = YES;
				CLANG_WARN_ENUM_CONVERSION = YES;
				CLANG_WARN_INFINITE_RECURSION = YES;
				CLANG_WARN_INT_CONVERSION = YES;
				CLANG_WARN_NON_LITERAL_NULL_CONVERSION = YES;
				CLANG_WARN_OBJC_IMPLICIT_RETAIN_SELF = YES;
				CLANG_WARN_OBJC_LITERAL_CONVERSION = YES;
				CLANG_WARN_OBJC_ROOT_CLASS = YES_ERROR;
				CLANG_WARN_RANGE_LOOP_ANALYSIS = YES;
				CLANG_WARN_STRICT_PROTOTYPES = YES;
				CLANG_WARN_SUSPICIOUS_MOVE = YES;
				CLANG_WARN_UNGUARDED_AVAILABILITY = YES_AGGRESSIVE;
				CLANG_WARN_UNREACHABLE_CODE = YES;
				CLANG_WARN__DUPLICATE_METHOD_MATCH = YES;
				COPY_PHASE_STRIP = NO;
				DEBUG_INFORMATION_FORMAT = "dwarf-with-dsym";
				ENABLE_NS_ASSERTIONS = NO;
				ENABLE_STRICT_OBJC_MSGSEND = YES;
				GCC_C_LANGUAGE_STANDARD = gnu11;
				GCC_NO_COMMON_BLOCKS = YES;
				GCC_WARN_64_TO_32_BIT_CONVERSION = YES;
				GCC_WARN_ABOUT_RETURN_TYPE = YES_ERROR;
				GCC_WARN_UNDECLARED_SELECTOR = YES;
				GCC_WARN_UNINITIALIZED_AUTOS = YES_AGGRESSIVE;
				GCC_WARN_UNUSED_FUNCTION = YES;
				GCC_WARN_UNUSED_VARIABLE = YES;
				IPHONEOS_DEPLOYMENT_TARGET = 13.5;
				MTL_ENABLE_DEBUG_INFO = NO;
				MTL_FAST_MATH = YES;
				SDKROOT = iphoneos;
				SWIFT_COMPILATION_MODE = wholemodule;
				SWIFT_OPTIMIZATION_LEVEL = "-O";
				VALIDATE_PRODUCT = YES;
			};
			name = Release;
		};
		CB53C8ED24812F4500ED1821 /* Debug */ = {
			isa = XCBuildConfiguration;
			buildSettings = {
				ASSETCATALOG_COMPILER_APPICON_NAME = AppIcon;
				CODE_SIGN_STYLE = Automatic;
				DEVELOPMENT_ASSET_PATHS = "\"medlearn/Preview Content\"";
				DEVELOPMENT_TEAM = 7RVFQS86ZJ;
				ENABLE_PREVIEWS = YES;
				INFOPLIST_FILE = medlearn/Info.plist;
				LD_RUNPATH_SEARCH_PATHS = (
					"$(inherited)",
					"@executable_path/Frameworks",
				);
				PRODUCT_BUNDLE_IDENTIFIER = com.albrechtapps.medlearn;
				PRODUCT_NAME = "$(TARGET_NAME)";
				SWIFT_VERSION = 5.0;
				TARGETED_DEVICE_FAMILY = "1,2";
			};
			name = Debug;
		};
		CB53C8EE24812F4500ED1821 /* Release */ = {
			isa = XCBuildConfiguration;
			buildSettings = {
				ASSETCATALOG_COMPILER_APPICON_NAME = AppIcon;
				CODE_SIGN_STYLE = Automatic;
				DEVELOPMENT_ASSET_PATHS = "\"medlearn/Preview Content\"";
				DEVELOPMENT_TEAM = 7RVFQS86ZJ;
				ENABLE_PREVIEWS = YES;
				INFOPLIST_FILE = medlearn/Info.plist;
				LD_RUNPATH_SEARCH_PATHS = (
					"$(inherited)",
					"@executable_path/Frameworks",
				);
				PRODUCT_BUNDLE_IDENTIFIER = com.albrechtapps.medlearn;
				PRODUCT_NAME = "$(TARGET_NAME)";
				SWIFT_VERSION = 5.0;
				TARGETED_DEVICE_FAMILY = "1,2";
			};
			name = Release;
		};
/* End XCBuildConfiguration section */

/* Begin XCConfigurationList section */
		CB53C8D324812F4400ED1821 /* Build configuration list for PBXProject "medlearn" */ = {
			isa = XCConfigurationList;
			buildConfigurations = (
				CB53C8EA24812F4500ED1821 /* Debug */,
				CB53C8EB24812F4500ED1821 /* Release */,
			);
			defaultConfigurationIsVisible = 0;
			defaultConfigurationName = Release;
		};
		CB53C8EC24812F4500ED1821 /* Build configuration list for PBXNativeTarget "medlearn" */ = {
			isa = XCConfigurationList;
			buildConfigurations = (
				CB53C8ED24812F4500ED1821 /* Debug */,
				CB53C8EE24812F4500ED1821 /* Release */,
			);
			defaultConfigurationIsVisible = 0;
			defaultConfigurationName = Release;
		};
/* End XCConfigurationList section */
	};
	rootObject = CB53C8D024812F4400ED1821 /* Project object */;
}
